
Microsoft Visual Studio Solution File, Format Version 12.00
# Visual Studio Version 17
VisualStudioVersion = 17.1.32228.430
MinimumVisualStudioVersion = 10.0.40219.1
Project("{6EC3EE1D-3C4E-46DD-8F32-0CC8E7565705}") = "Task_6.1-11", "Task11\Task_6.1-11.fsproj", "{8160E18F-93FA-41E0-BA3B-EA2841FD5F14}"
EndProject
Project("{F2A71F9B-5D33-465A-A702-920D77279786}") = "Task_6.2-12.3", "Task_1.3\Task_6.2-12.3.fsproj", "{47F7BECD-AB68-49FA-A011-07469C1572C3}"
EndProject
Project("{F2A71F9B-5D33-465A-A702-920D77279786}") = "Task_6.3-12.11", "Task_6.12.11\Task_6.3-12.11.fsproj", "{C27918DB-C3E5-4BC9-83AD-3356BAA41349}"
EndProject
Project("{F2A71F9B-5D33-465A-A702-920D77279786}") = "Task_6.4-12.13", "Task_6.4-12.13\Task_6.4-12.13.fsproj", "{970337EA-6DE7-43D4-BF31-DFC9A958176D}"
EndProject
Project("{F2A71F9B-5D33-465A-A702-920D77279786}") = "Task_6.5-12.15", "Task_6.4-12.15\Task_6.5-12.15.fsproj", "{C5D876B4-D254-434B-BD17-DFF0BD47F77D}"
EndProject
Project("{F2A71F9B-5D33-465A-A702-920D77279786}") = "Task6.6-12.27", "Task6.6-12.27\Task6.6-12.27.fsproj", "{D263A648-2ACF-4D97-9FB4-D511BD4F7C81}"
EndProject
Project("{F2A71F9B-5D33-465A-A702-920D77279786}") = "Task6.7-12.30", "Task6.7-12.30\Task6.7-12.30.fsproj", "{5D3A3F55-AB24-4867-8730-AF127AFF23B5}"
EndProject
Project("{F2A71F9B-5D33-465A-A702-920D77279786}") = "Task6.7-12.39", "Task6.7-12.39\Task6.7-12.39.fsproj", "{F48744F0-7E16-4F80-BEA5-4CB507C12EE9}"
EndProject
Global
	GlobalSection(SolutionConfigurationPlatforms) = preSolution
		Debug|Any CPU = Debug|Any CPU
		Release|Any CPU = Release|Any CPU
	EndGlobalSection
	GlobalSection(ProjectConfigurationPlatforms) = postSolution
		{8160E18F-93FA-41E0-BA3B-EA2841FD5F14}.Debug|Any CPU.ActiveCfg = Debug|Any CPU
		{8160E18F-93FA-41E0-BA3B-EA2841FD5F14}.Debug|Any CPU.Build.0 = Debug|Any CPU
		{8160E18F-93FA-41E0-BA3B-EA2841FD5F14}.Release|Any CPU.ActiveCfg = Release|Any CPU
		{8160E18F-93FA-41E0-BA3B-EA2841FD5F14}.Release|Any CPU.Build.0 = Release|Any CPU
		{47F7BECD-AB68-49FA-A011-07469C1572C3}.Debug|Any CPU.ActiveCfg = Debug|Any CPU
		{47F7BECD-AB68-49FA-A011-07469C1572C3}.Debug|Any CPU.Build.0 = Debug|Any CPU
		{47F7BECD-AB68-49FA-A011-07469C1572C3}.Release|Any CPU.ActiveCfg = Release|Any CPU
		{47F7BECD-AB68-49FA-A011-07469C1572C3}.Release|Any CPU.Build.0 = Release|Any CPU
		{C27918DB-C3E5-4BC9-83AD-3356BAA41349}.Debug|Any CPU.ActiveCfg = Debug|Any CPU
		{C27918DB-C3E5-4BC9-83AD-3356BAA41349}.Debug|Any CPU.Build.0 = Debug|Any CPU
		{C27918DB-C3E5-4BC9-83AD-3356BAA41349}.Release|Any CPU.ActiveCfg = Release|Any CPU
		{C27918DB-C3E5-4BC9-83AD-3356BAA41349}.Release|Any CPU.Build.0 = Release|Any CPU
		{970337EA-6DE7-43D4-BF31-DFC9A958176D}.Debug|Any CPU.ActiveCfg = Debug|Any CPU
		{970337EA-6DE7-43D4-BF31-DFC9A958176D}.Debug|Any CPU.Build.0 = Debug|Any CPU
		{970337EA-6DE7-43D4-BF31-DFC9A958176D}.Release|Any CPU.ActiveCfg = Release|Any CPU
		{970337EA-6DE7-43D4-BF31-DFC9A958176D}.Release|Any CPU.Build.0 = Release|Any CPU
		{C5D876B4-D254-434B-BD17-DFF0BD47F77D}.Debug|Any CPU.ActiveCfg = Debug|Any CPU
		{C5D876B4-D254-434B-BD17-DFF0BD47F77D}.Debug|Any CPU.Build.0 = Debug|Any CPU
		{C5D876B4-D254-434B-BD17-DFF0BD47F77D}.Release|Any CPU.ActiveCfg = Release|Any CPU
		{C5D876B4-D254-434B-BD17-DFF0BD47F77D}.Release|Any CPU.Build.0 = Release|Any CPU
		{D263A648-2ACF-4D97-9FB4-D511BD4F7C81}.Debug|Any CPU.ActiveCfg = Debug|Any CPU
		{D263A648-2ACF-4D97-9FB4-D511BD4F7C81}.Debug|Any CPU.Build.0 = Debug|Any CPU
		{D263A648-2ACF-4D97-9FB4-D511BD4F7C81}.Release|Any CPU.ActiveCfg = Release|Any CPU
		{D263A648-2ACF-4D97-9FB4-D511BD4F7C81}.Release|Any CPU.Build.0 = Release|Any CPU
		{5D3A3F55-AB24-4867-8730-AF127AFF23B5}.Debug|Any CPU.ActiveCfg = Debug|Any CPU
		{5D3A3F55-AB24-4867-8730-AF127AFF23B5}.Debug|Any CPU.Build.0 = Debug|Any CPU
		{5D3A3F55-AB24-4867-8730-AF127AFF23B5}.Release|Any CPU.ActiveCfg = Release|Any CPU
		{5D3A3F55-AB24-4867-8730-AF127AFF23B5}.Release|Any CPU.Build.0 = Release|Any CPU
		{F48744F0-7E16-4F80-BEA5-4CB507C12EE9}.Debug|Any CPU.ActiveCfg = Debug|Any CPU
		{F48744F0-7E16-4F80-BEA5-4CB507C12EE9}.Debug|Any CPU.Build.0 = Debug|Any CPU
		{F48744F0-7E16-4F80-BEA5-4CB507C12EE9}.Release|Any CPU.ActiveCfg = Release|Any CPU
		{F48744F0-7E16-4F80-BEA5-4CB507C12EE9}.Release|Any CPU.Build.0 = Release|Any CPU
	EndGlobalSection
	GlobalSection(SolutionProperties) = preSolution
		HideSolutionNode = FALSE
	EndGlobalSection
	GlobalSection(ExtensibilityGlobals) = postSolution
		SolutionGuid = {867C260C-5926-41DE-BC47-23DE712B25CD}
	EndGlobalSection
EndGlobal
