
Microsoft Visual Studio Solution File, Format Version 12.00
# Visual Studio Version 17
VisualStudioVersion = 17.1.32228.430
MinimumVisualStudioVersion = 10.0.40219.1
Project("{6EC3EE1D-3C4E-46DD-8F32-0CC8E7565705}") = "Task__1.3", "Task__1.3\Task__1.3.fsproj", "{8B6D687B-9AEB-4164-9037-D320FFCDF82A}"
EndProject
Project("{6EC3EE1D-3C4E-46DD-8F32-0CC8E7565705}") = "Task__1.13", "Task__1.13\Task__1.13.fsproj", "{A95E5384-946A-4A62-9639-A606B1B455F5}"
EndProject
Project("{6EC3EE1D-3C4E-46DD-8F32-0CC8E7565705}") = "Task__7.23", "Task__7.23\Task__7.23.fsproj", "{95DCD29A-981A-4526-9B3B-D177F7246DC1}"
EndProject
Project("{6EC3EE1D-3C4E-46DD-8F32-0CC8E7565705}") = "Task_1.33", "Task_1.33\Task_1.33.fsproj", "{77F1E132-09F5-4DFA-8C2D-46EBCE9757FD}"
EndProject
Project("{6EC3EE1D-3C4E-46DD-8F32-0CC8E7565705}") = "Task_1.43", "Task_1.43\Task_1.43.fsproj", "{105A0D76-1C05-46C1-BBAB-11F378C078B1}"
EndProject
Project("{6EC3EE1D-3C4E-46DD-8F32-0CC8E7565705}") = "Task_1.53", "Task_1.53\Task_1.53.fsproj", "{E1A159EB-23DE-4D32-BEB5-D63EE4C95622}"
EndProject
Project("{2150E333-8FDC-42A3-9474-1A3956D46DE8}") = "Num1", "Num1", "{0902DEF2-D84B-4115-8B7A-6F30765C55B6}"
EndProject
Project("{2150E333-8FDC-42A3-9474-1A3956D46DE8}") = "Num 17", "Num 17", "{AD577ADB-02A8-43C5-8C85-65F79F822435}"
EndProject
Project("{6EC3EE1D-3C4E-46DD-8F32-0CC8E7565705}") = "Task17.3", "Task17.3\Task17.3.fsproj", "{56E53591-4174-4EB3-916F-747C770DDEEA}"
EndProject
Project("{F2A71F9B-5D33-465A-A702-920D77279786}") = "Task_18.3", "Task_18.3\Task_18.3.fsproj", "{8522BC82-B3FD-4017-BF9B-A8B82B5E166F}"
EndProject
Global
	GlobalSection(SolutionConfigurationPlatforms) = preSolution
		Debug|Any CPU = Debug|Any CPU
		Release|Any CPU = Release|Any CPU
	EndGlobalSection
	GlobalSection(ProjectConfigurationPlatforms) = postSolution
		{8B6D687B-9AEB-4164-9037-D320FFCDF82A}.Debug|Any CPU.ActiveCfg = Debug|Any CPU
		{8B6D687B-9AEB-4164-9037-D320FFCDF82A}.Debug|Any CPU.Build.0 = Debug|Any CPU
		{8B6D687B-9AEB-4164-9037-D320FFCDF82A}.Release|Any CPU.ActiveCfg = Release|Any CPU
		{8B6D687B-9AEB-4164-9037-D320FFCDF82A}.Release|Any CPU.Build.0 = Release|Any CPU
		{A95E5384-946A-4A62-9639-A606B1B455F5}.Debug|Any CPU.ActiveCfg = Debug|Any CPU
		{A95E5384-946A-4A62-9639-A606B1B455F5}.Debug|Any CPU.Build.0 = Debug|Any CPU
		{A95E5384-946A-4A62-9639-A606B1B455F5}.Release|Any CPU.ActiveCfg = Release|Any CPU
		{A95E5384-946A-4A62-9639-A606B1B455F5}.Release|Any CPU.Build.0 = Release|Any CPU
		{95DCD29A-981A-4526-9B3B-D177F7246DC1}.Debug|Any CPU.ActiveCfg = Debug|Any CPU
		{95DCD29A-981A-4526-9B3B-D177F7246DC1}.Debug|Any CPU.Build.0 = Debug|Any CPU
		{95DCD29A-981A-4526-9B3B-D177F7246DC1}.Release|Any CPU.ActiveCfg = Release|Any CPU
		{95DCD29A-981A-4526-9B3B-D177F7246DC1}.Release|Any CPU.Build.0 = Release|Any CPU
		{77F1E132-09F5-4DFA-8C2D-46EBCE9757FD}.Debug|Any CPU.ActiveCfg = Debug|Any CPU
		{77F1E132-09F5-4DFA-8C2D-46EBCE9757FD}.Debug|Any CPU.Build.0 = Debug|Any CPU
		{77F1E132-09F5-4DFA-8C2D-46EBCE9757FD}.Release|Any CPU.ActiveCfg = Release|Any CPU
		{77F1E132-09F5-4DFA-8C2D-46EBCE9757FD}.Release|Any CPU.Build.0 = Release|Any CPU
		{105A0D76-1C05-46C1-BBAB-11F378C078B1}.Debug|Any CPU.ActiveCfg = Debug|Any CPU
		{105A0D76-1C05-46C1-BBAB-11F378C078B1}.Debug|Any CPU.Build.0 = Debug|Any CPU
		{105A0D76-1C05-46C1-BBAB-11F378C078B1}.Release|Any CPU.ActiveCfg = Release|Any CPU
		{105A0D76-1C05-46C1-BBAB-11F378C078B1}.Release|Any CPU.Build.0 = Release|Any CPU
		{E1A159EB-23DE-4D32-BEB5-D63EE4C95622}.Debug|Any CPU.ActiveCfg = Debug|Any CPU
		{E1A159EB-23DE-4D32-BEB5-D63EE4C95622}.Debug|Any CPU.Build.0 = Debug|Any CPU
		{E1A159EB-23DE-4D32-BEB5-D63EE4C95622}.Release|Any CPU.ActiveCfg = Release|Any CPU
		{E1A159EB-23DE-4D32-BEB5-D63EE4C95622}.Release|Any CPU.Build.0 = Release|Any CPU
		{56E53591-4174-4EB3-916F-747C770DDEEA}.Debug|Any CPU.ActiveCfg = Debug|Any CPU
		{56E53591-4174-4EB3-916F-747C770DDEEA}.Debug|Any CPU.Build.0 = Debug|Any CPU
		{56E53591-4174-4EB3-916F-747C770DDEEA}.Release|Any CPU.ActiveCfg = Release|Any CPU
		{56E53591-4174-4EB3-916F-747C770DDEEA}.Release|Any CPU.Build.0 = Release|Any CPU
		{8522BC82-B3FD-4017-BF9B-A8B82B5E166F}.Debug|Any CPU.ActiveCfg = Debug|Any CPU
		{8522BC82-B3FD-4017-BF9B-A8B82B5E166F}.Debug|Any CPU.Build.0 = Debug|Any CPU
		{8522BC82-B3FD-4017-BF9B-A8B82B5E166F}.Release|Any CPU.ActiveCfg = Release|Any CPU
		{8522BC82-B3FD-4017-BF9B-A8B82B5E166F}.Release|Any CPU.Build.0 = Release|Any CPU
	EndGlobalSection
	GlobalSection(SolutionProperties) = preSolution
		HideSolutionNode = FALSE
	EndGlobalSection
	GlobalSection(NestedProjects) = preSolution
		{8B6D687B-9AEB-4164-9037-D320FFCDF82A} = {0902DEF2-D84B-4115-8B7A-6F30765C55B6}
		{A95E5384-946A-4A62-9639-A606B1B455F5} = {0902DEF2-D84B-4115-8B7A-6F30765C55B6}
		{95DCD29A-981A-4526-9B3B-D177F7246DC1} = {0902DEF2-D84B-4115-8B7A-6F30765C55B6}
		{77F1E132-09F5-4DFA-8C2D-46EBCE9757FD} = {0902DEF2-D84B-4115-8B7A-6F30765C55B6}
		{105A0D76-1C05-46C1-BBAB-11F378C078B1} = {0902DEF2-D84B-4115-8B7A-6F30765C55B6}
		{E1A159EB-23DE-4D32-BEB5-D63EE4C95622} = {0902DEF2-D84B-4115-8B7A-6F30765C55B6}
		{56E53591-4174-4EB3-916F-747C770DDEEA} = {AD577ADB-02A8-43C5-8C85-65F79F822435}
	EndGlobalSection
	GlobalSection(ExtensibilityGlobals) = postSolution
		SolutionGuid = {2BB86366-5B43-42DC-9706-01016CE8F162}
	EndGlobalSection
EndGlobal
